{
  "name": "TeamFunMakers",
  "version": "1.0.0",
  "lockfileVersion": 1,
  "requires": true,
  "dependencies": {
    "metismenu": {
      "version": "2.7.9",
      "resolved": "https://registry.npmjs.org/metismenu/-/metismenu-2.7.9.tgz",
      "integrity": "sha512-l2F61AaGdqiSh0NFmTofCfI59M6EruCOTRSAmbLxZ1ZpUD1Fjdo6/ZFfyMCxHbIejLamtVVHGRwNrerR/pPmbA=="
    }
  }
}
